<?xml version="1.0" encoding="utf-8"?>
<Project ToolsVersion="4.0" xmlns="http://schemas.microsoft.com/developer/msbuild/2003">
  <ItemGroup>
    <Filter Include="Resource Files">
      <UniqueIdentifier>{67DA6AB6-F800-4c08-8B7A-83BB121AAD01}</UniqueIdentifier>
      <Extensions>rc;ico;cur;bmp;dlg;rc2;rct;bin;rgs;gif;jpg;jpeg;jpe;resx;tiff;tif;png;wav;mfcribbon-ms</Extensions>
    </Filter>
    <Filter Include="CodeGen">
      <UniqueIdentifier>{22345eae-9f7e-4e51-91d9-776343d0d79b}</UniqueIdentifier>
    </Filter>
    <Filter Include="CodeGen\Models">
      <UniqueIdentifier>{ad223995-163b-495e-836e-66eb17a3509e}</UniqueIdentifier>
    </Filter>
    <Filter Include="ImGuiNodeEditor">
      <UniqueIdentifier>{221ca7be-8b60-46a3-993f-dda38a187cd7}</UniqueIdentifier>
    </Filter>
    <Filter Include="Shaders">
      <UniqueIdentifier>{9375f8db-c7b7-4cba-8f0b-677f6b3ccd6c}</UniqueIdentifier>
    </Filter>
  </ItemGroup>
  <ItemGroup>
    <ClCompile Include="main.cpp" />
    <ClCompile Include="CodeGen\CodeGen.cpp">
      <Filter>CodeGen</Filter>
    </ClCompile>
    <ClCompile Include="CodeGen\util.cpp">
      <Filter>CodeGen</Filter>
    </ClCompile>
    <ClCompile Include="CodeGen\ObjectsUtil.cpp">
      <Filter>CodeGen</Filter>
    </ClCompile>
    <ClCompile Include="CodeGen\Models\model1.cpp">
      <Filter>CodeGen\Models</Filter>
    </ClCompile>
    <ClCompile Include="CodeGen\Models\model2.cpp">
      <Filter>CodeGen\Models</Filter>
    </ClCompile>
    <ClCompile Include="CodeGen\Models\model3.cpp">
      <Filter>CodeGen\Models</Filter>
    </ClCompile>
    <ClCompile Include="CodeGen\Models\model4.cpp">
      <Filter>CodeGen\Models</Filter>
    </ClCompile>
    <ClCompile Include="CodeGen\Models\model5.cpp">
      <Filter>CodeGen\Models</Filter>
    </ClCompile>
    <ClCompile Include="CodeGen\Models\model7.cpp">
      <Filter>CodeGen\Models</Filter>
    </ClCompile>
    <ClCompile Include="CodeGen\Models\model8.cpp">
      <Filter>CodeGen\Models</Filter>
    </ClCompile>
    <ClCompile Include="CodeGen\Models\model9.cpp">
      <Filter>CodeGen\Models</Filter>
    </ClCompile>
    <ClCompile Include="CodeGen\Models\toys.cpp">
      <Filter>CodeGen\Models</Filter>
    </ClCompile>
    <ClCompile Include="ImguiNodeEditor\crude_json.cpp">
      <Filter>ImGuiNodeEditor</Filter>
    </ClCompile>
    <ClCompile Include="ImguiNodeEditor\imgui_canvas.cpp">
      <Filter>ImGuiNodeEditor</Filter>
    </ClCompile>
    <ClCompile Include="ImguiNodeEditor\imgui_node_editor.cpp">
      <Filter>ImGuiNodeEditor</Filter>
    </ClCompile>
    <ClCompile Include="ImguiNodeEditor\imgui_node_editor_api.cpp">
      <Filter>ImGuiNodeEditor</Filter>
    </ClCompile>
    <ClCompile Include="csg_tree_editor.cpp" />
  </ItemGroup>
  <ItemGroup>
    <None Include="ImguiNodeEditor\imgui_bezier_math.inl">
      <Filter>ImGuiNodeEditor</Filter>
    </None>
    <None Include="ImguiNodeEditor\imgui_extra_math.inl">
      <Filter>ImGuiNodeEditor</Filter>
    </None>
    <None Include="ImguiNodeEditor\imgui_node_editor_internal.inl">
      <Filter>ImGuiNodeEditor</Filter>
    </None>
    <None Include="Shaders\raytrace.frag">
      <Filter>Shaders</Filter>
    </None>
    <None Include="Shaders\raytrace.vert">
      <Filter>Shaders</Filter>
    </None>
    <None Include="Shaders\gen_raytrace.frag">
      <Filter>Shaders</Filter>
    </None>
    <None Include="Shaders\raytrace.frag.template.postfix">
      <Filter>Shaders</Filter>
    </None>
    <None Include="Shaders\raytrace.frag.template.prefix">
      <Filter>Shaders</Filter>
    </None>
  </ItemGroup>
  <ItemGroup>
    <ClInclude Include="CodeGen\bounding_opt.h">
      <Filter>CodeGen</Filter>
    </ClInclude>
    <ClInclude Include="CodeGen\CNF.h">
      <Filter>CodeGen</Filter>
    </ClInclude>
    <ClInclude Include="CodeGen\codegen.h">
      <Filter>CodeGen</Filter>
    </ClInclude>
    <ClInclude Include="CodeGen\expr.h">
      <Filter>CodeGen</Filter>
    </ClInclude>
    <ClInclude Include="CodeGen\Footmap.h">
      <Filter>CodeGen</Filter>
    </ClInclude>
    <ClInclude Include="CodeGen\material.h">
      <Filter>CodeGen</Filter>
    </ClInclude>
    <ClInclude Include="CodeGen\Material2.h">
      <Filter>CodeGen</Filter>
    </ClInclude>
    <ClInclude Include="CodeGen\Shadertoy.h">
      <Filter>CodeGen</Filter>
    </ClInclude>
    <ClInclude Include="CodeGen\ui.h">
      <Filter>CodeGen</Filter>
    </ClInclude>
    <ClInclude Include="CodeGen\util.h">
      <Filter>CodeGen</Filter>
    </ClInclude>
    <ClInclude Include="CodeGen\Models\models.h">
      <Filter>CodeGen\Models</Filter>
    </ClInclude>
    <ClInclude Include="ImguiNodeEditor\crude_json.h">
      <Filter>ImGuiNodeEditor</Filter>
    </ClInclude>
    <ClInclude Include="ImguiNodeEditor\imgui_bezier_math.h">
      <Filter>ImGuiNodeEditor</Filter>
    </ClInclude>
    <ClInclude Include="ImguiNodeEditor\imgui_canvas.h">
      <Filter>ImGuiNodeEditor</Filter>
    </ClInclude>
    <ClInclude Include="ImguiNodeEditor\imgui_extra_math.h">
      <Filter>ImGuiNodeEditor</Filter>
    </ClInclude>
    <ClInclude Include="ImguiNodeEditor\imgui_node_editor.h">
      <Filter>ImGuiNodeEditor</Filter>
    </ClInclude>
    <ClInclude Include="ImguiNodeEditor\imgui_node_editor_internal.h">
      <Filter>ImGuiNodeEditor</Filter>
    </ClInclude>
    <ClInclude Include="application.h" />
  </ItemGroup>
</Project>